
Microsoft Visual Studio Solution File, Format Version 12.00
# Visual Studio 15
VisualStudioVersion = 15.0.27130.2027
MinimumVisualStudioVersion = 10.0.40219.1
Project("{FAE04EC0-301F-11D3-BF4B-00C04F79EFBC}") = "TestProjectForGit", "TestProjectForGit\TestProjectForGit.csproj", "{D6961D5D-8A40-468F-96B1-E8974A8CB92F}"
EndProject
Global
	GlobalSection(SolutionConfigurationPlatforms) = preSolution
		Debug|Any CPU = Debug|Any CPU
		Release|Any CPU = Release|Any CPU
	EndGlobalSection
	GlobalSection(ProjectConfigurationPlatforms) = postSolution
		{D6961D5D-8A40-468F-96B1-E8974A8CB92F}.Debug|Any CPU.ActiveCfg = Debug|Any CPU
		{D6961D5D-8A40-468F-96B1-E8974A8CB92F}.Debug|Any CPU.Build.0 = Debug|Any CPU
		{D6961D5D-8A40-468F-96B1-E8974A8CB92F}.Release|Any CPU.ActiveCfg = Release|Any CPU
		{D6961D5D-8A40-468F-96B1-E8974A8CB92F}.Release|Any CPU.Build.0 = Release|Any CPU
	EndGlobalSection
	GlobalSection(SolutionProperties) = preSolution
		HideSolutionNode = FALSE
	EndGlobalSection
	GlobalSection(ExtensibilityGlobals) = postSolution
		SolutionGuid = {861EE8D2-55C0-405A-A05D-CE069CA0BD3F}
	EndGlobalSection
EndGlobal
